// !$*UTF8*$!
{
	archiveVersion = 1;
	classes = {
	};
	objectVersion = 77;
	objects = {

/* Begin PBXBuildFile section */
		265D25F8C1303E77A4B83F6A /* TuckIcons.swift in Sources */ = {isa = PBXBuildFile; fileRef = 85D19D2DC5BD9981F99DBC0F /* TuckIcons.swift */; };
		3A0F75690B524D1AA2148416 /* Util.swift in Sources */ = {isa = PBXBuildFile; fileRef = 3620B4C45295063AED19EA6C /* Util.swift */; };
		6E7F0F23D4F2B641B7D0472F /* RemoveStatusIcon.swift in Sources */ = {isa = PBXBuildFile; fileRef = CB64785FD2C7FF94615F018B /* RemoveStatusIcon.swift */; };
		8F2C8699A5C5DD7847812416 /* GeneralVC.swift in Sources */ = {isa = PBXBuildFile; fileRef = D3078BF74925151EFC37A21A /* GeneralVC.swift */; };
		98FFAB2D995BE9EF8D2AB35E /* AppDelegate.swift in Sources */ = {isa = PBXBuildFile; fileRef = 3C1C5F027551CFCC6F4CD4A0 /* AppDelegate.swift */; };
		A3F145D0A31E2CCFB2230A8D /* Assets.xcassets in Resources */ = {isa = PBXBuildFile; fileRef = 74FA501FA4CCFA5AEFA4C51F /* Assets.xcassets */; };
		DC0E9D4B8AF894831939ABCD /* main.swift in Sources */ = {isa = PBXBuildFile; fileRef = 1137C00B4A89589BFFF6A3E2 /* main.swift */; };
		EABE29CE494DD398CDA80EEA /* HelperStatusIcon.swift in Sources */ = {isa = PBXBuildFile; fileRef = E2B3B0990A743A3603B32EC0 /* HelperStatusIcon.swift */; };
		EDC3A31826EF8AA8FBA02462 /* NormalStatusIcon.swift in Sources */ = {isa = PBXBuildFile; fileRef = CBBA8C177EEC281AB7343B02 /* NormalStatusIcon.swift */; };
		F9F78927186501EBF3E5AF38 /* Constants.swift in Sources */ = {isa = PBXBuildFile; fileRef = 481F1081B9E7645FA94216AE /* Constants.swift */; };
/* End PBXBuildFile section */

/* Begin PBXFileReference section */
		1137C00B4A89589BFFF6A3E2 /* main.swift */ = {isa = PBXFileReference; lastKnownFileType = sourcecode.swift; path = main.swift; sourceTree = "<group>"; };
		2662BE84F646F3DB85765490 /* Release.xcconfig */ = {isa = PBXFileReference; lastKnownFileType = text.xcconfig; path = Release.xcconfig; sourceTree = "<group>"; };
		3620B4C45295063AED19EA6C /* Util.swift */ = {isa = PBXFileReference; lastKnownFileType = sourcecode.swift; path = Util.swift; sourceTree = "<group>"; };
		3C1C5F027551CFCC6F4CD4A0 /* AppDelegate.swift */ = {isa = PBXFileReference; lastKnownFileType = sourcecode.swift; path = AppDelegate.swift; sourceTree = "<group>"; };
		481F1081B9E7645FA94216AE /* Constants.swift */ = {isa = PBXFileReference; lastKnownFileType = sourcecode.swift; path = Constants.swift; sourceTree = "<group>"; };
		61D5769BD4737303E1EF4190 /* Debug.xcconfig */ = {isa = PBXFileReference; lastKnownFileType = text.xcconfig; path = Debug.xcconfig; sourceTree = "<group>"; };
		73AF71CFD40073586E355398 /* Tuck.app */ = {isa = PBXFileReference; explicitFileType = wrapper.application; includeInIndex = 0; path = Tuck.app; sourceTree = BUILT_PRODUCTS_DIR; };
		74FA501FA4CCFA5AEFA4C51F /* Assets.xcassets */ = {isa = PBXFileReference; lastKnownFileType = folder.assetcatalog; path = Assets.xcassets; sourceTree = "<group>"; };
		85A47955E1614AEA7992ED49 /* Info.plist */ = {isa = PBXFileReference; lastKnownFileType = text.plist; path = Info.plist; sourceTree = "<group>"; };
		85D19D2DC5BD9981F99DBC0F /* TuckIcons.swift */ = {isa = PBXFileReference; lastKnownFileType = sourcecode.swift; path = TuckIcons.swift; sourceTree = "<group>"; };
		9E70D846E5F60A10AA3636D3 /* bridging-header.h */ = {isa = PBXFileReference; lastKnownFileType = sourcecode.c.h; path = "bridging-header.h"; sourceTree = "<group>"; };
		CB64785FD2C7FF94615F018B /* RemoveStatusIcon.swift */ = {isa = PBXFileReference; lastKnownFileType = sourcecode.swift; path = RemoveStatusIcon.swift; sourceTree = "<group>"; };
		CBBA8C177EEC281AB7343B02 /* NormalStatusIcon.swift */ = {isa = PBXFileReference; lastKnownFileType = sourcecode.swift; path = NormalStatusIcon.swift; sourceTree = "<group>"; };
		D3078BF74925151EFC37A21A /* GeneralVC.swift */ = {isa = PBXFileReference; lastKnownFileType = sourcecode.swift; path = GeneralVC.swift; sourceTree = "<group>"; };
		D53E55780CC9D5FBF1CE8CC8 /* Tuck.entitlements */ = {isa = PBXFileReference; lastKnownFileType = text.plist.entitlements; path = Tuck.entitlements; sourceTree = "<group>"; };
		E2B3B0990A743A3603B32EC0 /* HelperStatusIcon.swift */ = {isa = PBXFileReference; lastKnownFileType = sourcecode.swift; path = HelperStatusIcon.swift; sourceTree = "<group>"; };
/* End PBXFileReference section */

/* Begin PBXGroup section */
		38F0D01E7F513C5A4E07A67E /* Other */ = {
			isa = PBXGroup;
			children = (
				74FA501FA4CCFA5AEFA4C51F /* Assets.xcassets */,
				9E70D846E5F60A10AA3636D3 /* bridging-header.h */,
				85A47955E1614AEA7992ED49 /* Info.plist */,
				1137C00B4A89589BFFF6A3E2 /* main.swift */,
				D53E55780CC9D5FBF1CE8CC8 /* Tuck.entitlements */,
			);
			path = Other;
			sourceTree = "<group>";
		};
		3B4499A964ABC1071FD95B2C = {
			isa = PBXGroup;
			children = (
				51B38915EE45DDBCD2E0C4E7 /* Configs */,
				B464D16A4F9091E4B0F5DE6F /* Tuck */,
				C56D227EA929F8951E87D622 /* Products */,
			);
			sourceTree = "<group>";
			tabWidth = 4;
			usesTabs = 0;
		};
		4312FA996D72D975D7342973 /* StatusIconClasses */ = {
			isa = PBXGroup;
			children = (
				E2B3B0990A743A3603B32EC0 /* HelperStatusIcon.swift */,
				CBBA8C177EEC281AB7343B02 /* NormalStatusIcon.swift */,
				CB64785FD2C7FF94615F018B /* RemoveStatusIcon.swift */,
			);
			path = StatusIconClasses;
			sourceTree = "<group>";
		};
		51B38915EE45DDBCD2E0C4E7 /* Configs */ = {
			isa = PBXGroup;
			children = (
				61D5769BD4737303E1EF4190 /* Debug.xcconfig */,
				2662BE84F646F3DB85765490 /* Release.xcconfig */,
			);
			path = Configs;
			sourceTree = "<group>";
		};
		8FFF56B43F76C0E3E553E7F9 /* ViewControllers */ = {
			isa = PBXGroup;
			children = (
				D3078BF74925151EFC37A21A /* GeneralVC.swift */,
			);
			path = ViewControllers;
			sourceTree = "<group>";
		};
		B464D16A4F9091E4B0F5DE6F /* Tuck */ = {
			isa = PBXGroup;
			children = (
				3C1C5F027551CFCC6F4CD4A0 /* AppDelegate.swift */,
				481F1081B9E7645FA94216AE /* Constants.swift */,
				85D19D2DC5BD9981F99DBC0F /* TuckIcons.swift */,
				3620B4C45295063AED19EA6C /* Util.swift */,
				38F0D01E7F513C5A4E07A67E /* Other */,
				4312FA996D72D975D7342973 /* StatusIconClasses */,
				8FFF56B43F76C0E3E553E7F9 /* ViewControllers */,
			);
			path = Tuck;
			sourceTree = "<group>";
		};
		C56D227EA929F8951E87D622 /* Products */ = {
			isa = PBXGroup;
			children = (
				73AF71CFD40073586E355398 /* Tuck.app */,
			);
			name = Products;
			sourceTree = "<group>";
		};
/* End PBXGroup section */

/* Begin PBXNativeTarget section */
		74BFB3FDE93B947C2AF6EE7D /* Tuck */ = {
			isa = PBXNativeTarget;
			buildConfigurationList = DB3F5EF4865A6FE6D3748C92 /* Build configuration list for PBXNativeTarget "Tuck" */;
			buildPhases = (
				F9EB1F21C8B6E93BD2395033 /* Sources */,
				D4E303D05B1FE732AFE83DE7 /* Resources */,
			);
			buildRules = (
			);
			dependencies = (
			);
			name = Tuck;
			packageProductDependencies = (
			);
			productName = Tuck;
			productReference = 73AF71CFD40073586E355398 /* Tuck.app */;
			productType = "com.apple.product-type.application";
		};
/* End PBXNativeTarget section */

/* Begin PBXProject section */
		445AC9678332DFDBAB463E6B /* Project object */ = {
			isa = PBXProject;
			attributes = {
				BuildIndependentTargetsInParallel = YES;
				LastUpgradeCheck = 1430;
				TargetAttributes = {
				};
			};
			buildConfigurationList = 9113DA0F3D5BD14480E2B85B /* Build configuration list for PBXProject "Tuck" */;
			developmentRegion = en;
			hasScannedForEncodings = 0;
			knownRegions = (
				Base,
				en,
			);
			mainGroup = 3B4499A964ABC1071FD95B2C;
			minimizedProjectReferenceProxies = 1;
			preferredProjectObjectVersion = 77;
			productRefGroup = C56D227EA929F8951E87D622 /* Products */;
			projectDirPath = "";
			projectRoot = "";
			targets = (
				74BFB3FDE93B947C2AF6EE7D /* Tuck */,
			);
		};
/* End PBXProject section */

/* Begin PBXResourcesBuildPhase section */
		D4E303D05B1FE732AFE83DE7 /* Resources */ = {
			isa = PBXResourcesBuildPhase;
			buildActionMask = 2147483647;
			files = (
				A3F145D0A31E2CCFB2230A8D /* Assets.xcassets in Resources */,
			);
			runOnlyForDeploymentPostprocessing = 0;
		};
/* End PBXResourcesBuildPhase section */

/* Begin PBXSourcesBuildPhase section */
		F9EB1F21C8B6E93BD2395033 /* Sources */ = {
			isa = PBXSourcesBuildPhase;
			buildActionMask = 2147483647;
			files = (
				98FFAB2D995BE9EF8D2AB35E /* AppDelegate.swift in Sources */,
				F9F78927186501EBF3E5AF38 /* Constants.swift in Sources */,
				8F2C8699A5C5DD7847812416 /* GeneralVC.swift in Sources */,
				EABE29CE494DD398CDA80EEA /* HelperStatusIcon.swift in Sources */,
				EDC3A31826EF8AA8FBA02462 /* NormalStatusIcon.swift in Sources */,
				6E7F0F23D4F2B641B7D0472F /* RemoveStatusIcon.swift in Sources */,
				265D25F8C1303E77A4B83F6A /* TuckIcons.swift in Sources */,
				3A0F75690B524D1AA2148416 /* Util.swift in Sources */,
				DC0E9D4B8AF894831939ABCD /* main.swift in Sources */,
			);
			runOnlyForDeploymentPostprocessing = 0;
		};
/* End PBXSourcesBuildPhase section */

/* Begin XCBuildConfiguration section */
		5B7E64DC839AE6148FFA7ADF /* Release */ = {
			isa = XCBuildConfiguration;
			buildSettings = {
				ALWAYS_SEARCH_USER_PATHS = NO;
				CLANG_ANALYZER_NONNULL = YES;
				CLANG_ANALYZER_NUMBER_OBJECT_CONVERSION = YES_AGGRESSIVE;
				CLANG_CXX_LANGUAGE_STANDARD = "gnu++14";
				CLANG_CXX_LIBRARY = "libc++";
				CLANG_ENABLE_MODULES = YES;
				CLANG_ENABLE_OBJC_ARC = YES;
				CLANG_ENABLE_OBJC_WEAK = YES;
				CLANG_WARN_BLOCK_CAPTURE_AUTORELEASING = YES;
				CLANG_WARN_BOOL_CONVERSION = YES;
				CLANG_WARN_COMMA = YES;
				CLANG_WARN_CONSTANT_CONVERSION = YES;
				CLANG_WARN_DEPRECATED_OBJC_IMPLEMENTATIONS = YES;
				CLANG_WARN_DIRECT_OBJC_ISA_USAGE = YES_ERROR;
				CLANG_WARN_DOCUMENTATION_COMMENTS = YES;
				CLANG_WARN_EMPTY_BODY = YES;
				CLANG_WARN_ENUM_CONVERSION = YES;
				CLANG_WARN_INFINITE_RECURSION = YES;
				CLANG_WARN_INT_CONVERSION = YES;
				CLANG_WARN_NON_LITERAL_NULL_CONVERSION = YES;
				CLANG_WARN_OBJC_IMPLICIT_RETAIN_SELF = YES;
				CLANG_WARN_OBJC_LITERAL_CONVERSION = YES;
				CLANG_WARN_OBJC_ROOT_CLASS = YES_ERROR;
				CLANG_WARN_QUOTED_INCLUDE_IN_FRAMEWORK_HEADER = YES;
				CLANG_WARN_RANGE_LOOP_ANALYSIS = YES;
				CLANG_WARN_STRICT_PROTOTYPES = YES;
				CLANG_WARN_SUSPICIOUS_MOVE = YES;
				CLANG_WARN_UNGUARDED_AVAILABILITY = YES_AGGRESSIVE;
				CLANG_WARN_UNREACHABLE_CODE = YES;
				CLANG_WARN__DUPLICATE_METHOD_MATCH = YES;
				COPY_PHASE_STRIP = NO;
				DEBUG_INFORMATION_FORMAT = "dwarf-with-dsym";
				ENABLE_NS_ASSERTIONS = NO;
				ENABLE_STRICT_OBJC_MSGSEND = YES;
				GCC_C_LANGUAGE_STANDARD = gnu11;
				GCC_NO_COMMON_BLOCKS = YES;
				GCC_WARN_64_TO_32_BIT_CONVERSION = YES;
				GCC_WARN_ABOUT_RETURN_TYPE = YES_ERROR;
				GCC_WARN_UNDECLARED_SELECTOR = YES;
				GCC_WARN_UNINITIALIZED_AUTOS = YES_AGGRESSIVE;
				GCC_WARN_UNUSED_FUNCTION = YES;
				GCC_WARN_UNUSED_VARIABLE = YES;
				MTL_ENABLE_DEBUG_INFO = NO;
				MTL_FAST_MATH = YES;
				PRODUCT_NAME = "$(TARGET_NAME)";
				SDKROOT = macosx;
				SWIFT_COMPILATION_MODE = wholemodule;
				SWIFT_OPTIMIZATION_LEVEL = "-O";
				SWIFT_VERSION = 5.0;
			};
			name = Release;
		};
		8BC4445CA38FA85FEA69789B /* Debug */ = {
			isa = XCBuildConfiguration;
			buildSettings = {
				ALWAYS_SEARCH_USER_PATHS = NO;
				CLANG_ANALYZER_NONNULL = YES;
				CLANG_ANALYZER_NUMBER_OBJECT_CONVERSION = YES_AGGRESSIVE;
				CLANG_CXX_LANGUAGE_STANDARD = "gnu++14";
				CLANG_CXX_LIBRARY = "libc++";
				CLANG_ENABLE_MODULES = YES;
				CLANG_ENABLE_OBJC_ARC = YES;
				CLANG_ENABLE_OBJC_WEAK = YES;
				CLANG_WARN_BLOCK_CAPTURE_AUTORELEASING = YES;
				CLANG_WARN_BOOL_CONVERSION = YES;
				CLANG_WARN_COMMA = YES;
				CLANG_WARN_CONSTANT_CONVERSION = YES;
				CLANG_WARN_DEPRECATED_OBJC_IMPLEMENTATIONS = YES;
				CLANG_WARN_DIRECT_OBJC_ISA_USAGE = YES_ERROR;
				CLANG_WARN_DOCUMENTATION_COMMENTS = YES;
				CLANG_WARN_EMPTY_BODY = YES;
				CLANG_WARN_ENUM_CONVERSION = YES;
				CLANG_WARN_INFINITE_RECURSION = YES;
				CLANG_WARN_INT_CONVERSION = YES;
				CLANG_WARN_NON_LITERAL_NULL_CONVERSION = YES;
				CLANG_WARN_OBJC_IMPLICIT_RETAIN_SELF = YES;
				CLANG_WARN_OBJC_LITERAL_CONVERSION = YES;
				CLANG_WARN_OBJC_ROOT_CLASS = YES_ERROR;
				CLANG_WARN_QUOTED_INCLUDE_IN_FRAMEWORK_HEADER = YES;
				CLANG_WARN_RANGE_LOOP_ANALYSIS = YES;
				CLANG_WARN_STRICT_PROTOTYPES = YES;
				CLANG_WARN_SUSPICIOUS_MOVE = YES;
				CLANG_WARN_UNGUARDED_AVAILABILITY = YES_AGGRESSIVE;
				CLANG_WARN_UNREACHABLE_CODE = YES;
				CLANG_WARN__DUPLICATE_METHOD_MATCH = YES;
				COPY_PHASE_STRIP = NO;
				DEBUG_INFORMATION_FORMAT = dwarf;
				ENABLE_STRICT_OBJC_MSGSEND = YES;
				ENABLE_TESTABILITY = YES;
				GCC_C_LANGUAGE_STANDARD = gnu11;
				GCC_DYNAMIC_NO_PIC = NO;
				GCC_NO_COMMON_BLOCKS = YES;
				GCC_OPTIMIZATION_LEVEL = 0;
				GCC_PREPROCESSOR_DEFINITIONS = (
					"$(inherited)",
					"DEBUG=1",
				);
				GCC_WARN_64_TO_32_BIT_CONVERSION = YES;
				GCC_WARN_ABOUT_RETURN_TYPE = YES_ERROR;
				GCC_WARN_UNDECLARED_SELECTOR = YES;
				GCC_WARN_UNINITIALIZED_AUTOS = YES_AGGRESSIVE;
				GCC_WARN_UNUSED_FUNCTION = YES;
				GCC_WARN_UNUSED_VARIABLE = YES;
				MTL_ENABLE_DEBUG_INFO = INCLUDE_SOURCE;
				MTL_FAST_MATH = YES;
				ONLY_ACTIVE_ARCH = YES;
				PRODUCT_NAME = "$(TARGET_NAME)";
				SDKROOT = macosx;
				SWIFT_ACTIVE_COMPILATION_CONDITIONS = DEBUG;
				SWIFT_OPTIMIZATION_LEVEL = "-Onone";
				SWIFT_VERSION = 5.0;
			};
			name = Debug;
		};
		EEFEBD491CF654AD65869BDE /* Debug */ = {
			isa = XCBuildConfiguration;
			baseConfigurationReference = 61D5769BD4737303E1EF4190 /* Debug.xcconfig */;
			buildSettings = {
				ASSETCATALOG_COMPILER_APPICON_NAME = AppIcon;
				CODE_SIGN_ENTITLEMENTS = Tuck/Other/Tuck.entitlements;
				COMBINE_HIDPI_IMAGES = YES;
				CURRENT_PROJECT_VERSION = 1;
				DEBUG_INFORMATION_FORMAT = "dwarf-with-dsym";
				ENABLE_HARDENED_RUNTIME = YES;
				INFOPLIST_FILE = Tuck/Other/Info.plist;
				LD_RUNPATH_SEARCH_PATHS = (
					"$(inherited)",
					"@executable_path/../Frameworks",
				);
				MACOSX_DEPLOYMENT_TARGET = 26.0;
				PRODUCT_BUNDLE_IDENTIFIER = com.suffer77.Tuck;
				PRODUCT_NAME = Tuck;
				SDKROOT = macosx;
				SWIFT_VERSION = 5;
				VERSIONING_SYSTEM = "apple-generic";
			};
			name = Debug;
		};
		F037089F41BA07580FE47003 /* Release */ = {
			isa = XCBuildConfiguration;
			baseConfigurationReference = 2662BE84F646F3DB85765490 /* Release.xcconfig */;
			buildSettings = {
				ASSETCATALOG_COMPILER_APPICON_NAME = AppIcon;
				CODE_SIGN_ENTITLEMENTS = Tuck/Other/Tuck.entitlements;
				COMBINE_HIDPI_IMAGES = YES;
				CURRENT_PROJECT_VERSION = 1;
				DEBUG_INFORMATION_FORMAT = "dwarf-with-dsym";
				ENABLE_HARDENED_RUNTIME = YES;
				INFOPLIST_FILE = Tuck/Other/Info.plist;
				LD_RUNPATH_SEARCH_PATHS = (
					"$(inherited)",
					"@executable_path/../Frameworks",
				);
				MACOSX_DEPLOYMENT_TARGET = 26.0;
				PRODUCT_BUNDLE_IDENTIFIER = com.suffer77.Tuck;
				PRODUCT_NAME = Tuck;
				SDKROOT = macosx;
				SWIFT_VERSION = 5;
				VERSIONING_SYSTEM = "apple-generic";
			};
			name = Release;
		};
/* End XCBuildConfiguration section */

/* Begin XCConfigurationList section */
		9113DA0F3D5BD14480E2B85B /* Build configuration list for PBXProject "Tuck" */ = {
			isa = XCConfigurationList;
			buildConfigurations = (
				8BC4445CA38FA85FEA69789B /* Debug */,
				5B7E64DC839AE6148FFA7ADF /* Release */,
			);
			defaultConfigurationIsVisible = 0;
			defaultConfigurationName = Debug;
		};
		DB3F5EF4865A6FE6D3748C92 /* Build configuration list for PBXNativeTarget "Tuck" */ = {
			isa = XCConfigurationList;
			buildConfigurations = (
				EEFEBD491CF654AD65869BDE /* Debug */,
				F037089F41BA07580FE47003 /* Release */,
			);
			defaultConfigurationIsVisible = 0;
			defaultConfigurationName = Debug;
		};
/* End XCConfigurationList section */
	};
	rootObject = 445AC9678332DFDBAB463E6B /* Project object */;
}
